// !$*UTF8*$!
{
	archiveVersion = 1;
	classes = {
	};
	objectVersion = 46;
	objects = {

/* Begin PBXBuildFile section */
		CD8F11A21A8A788700374E4E /* main.m in Sources */ = {isa = PBXBuildFile; fileRef = CD8F11A11A8A788700374E4E /* main.m */; };
		CD8F11A51A8A788700374E4E /* AppDelegate.m in Sources */ = {isa = PBXBuildFile; fileRef = CD8F11A41A8A788700374E4E /* AppDelegate.m */; };
		CD8F11A81A8A788700374E4E /* ViewController.m in Sources */ = {isa = PBXBuildFile; fileRef = CD8F11A71A8A788700374E4E /* ViewController.m */; };
		CD8F11AB1A8A788700374E4E /* Main.storyboard in Resources */ = {isa = PBXBuildFile; fileRef = CD8F11A91A8A788700374E4E /* Main.storyboard */; };
		CD8F11AD1A8A788700374E4E /* Images.xcassets in Resources */ = {isa = PBXBuildFile; fileRef = CD8F11AC1A8A788700374E4E /* Images.xcassets */; };
		CD8F11B01A8A788700374E4E /* LaunchScreen.xib in Resources */ = {isa = PBXBuildFile; fileRef = CD8F11AE1A8A788700374E4E /* LaunchScreen.xib */; };
		CD8F11BC1A8A788700374E4E /* RecipesFTWTests.m in Sources */ = {isa = PBXBuildFile; fileRef = CD8F11BB1A8A788700374E4E /* RecipesFTWTests.m */; };
/* End PBXBuildFile section */

/* Begin PBXContainerItemProxy section */
		CD8F11B61A8A788700374E4E /* PBXContainerItemProxy */ = {
			isa = PBXContainerItemProxy;
			containerPortal = CD8F11941A8A788700374E4E /* Project object */;
			proxyType = 1;
			remoteGlobalIDString = CD8F119B1A8A788700374E4E;
			remoteInfo = RecipesFTW;
		};
/* End PBXContainerItemProxy section */

/* Begin PBXFileReference section */
		CD8F119C1A8A788700374E4E /* RecipesFTW.app */ = {isa = PBXFileReference; explicitFileType = wrapper.application; includeInIndex = 0; path = RecipesFTW.app; sourceTree = BUILT_PRODUCTS_DIR; };
		CD8F11A01A8A788700374E4E /* Info.plist */ = {isa = PBXFileReference; lastKnownFileType = text.plist.xml; path = Info.plist; sourceTree = "<group>"; };
		CD8F11A11A8A788700374E4E /* main.m */ = {isa = PBXFileReference; lastKnownFileType = sourcecode.c.objc; path = main.m; sourceTree = "<group>"; };
		CD8F11A31A8A788700374E4E /* AppDelegate.h */ = {isa = PBXFileReference; lastKnownFileType = sourcecode.c.h; path = AppDelegate.h; sourceTree = "<group>"; };
		CD8F11A41A8A788700374E4E /* AppDelegate.m */ = {isa = PBXFileReference; lastKnownFileType = sourcecode.c.objc; path = AppDelegate.m; sourceTree = "<group>"; };
		CD8F11A61A8A788700374E4E /* ViewController.h */ = {isa = PBXFileReference; lastKnownFileType = sourcecode.c.h; path = ViewController.h; sourceTree = "<group>"; };
		CD8F11A71A8A788700374E4E /* ViewController.m */ = {isa = PBXFileReference; lastKnownFileType = sourcecode.c.objc; path = ViewController.m; sourceTree = "<group>"; };
		CD8F11AA1A8A788700374E4E /* Base */ = {isa = PBXFileReference; lastKnownFileType = file.storyboard; name = Base; path = Base.lproj/Main.storyboard; sourceTree = "<group>"; };
		CD8F11AC1A8A788700374E4E /* Images.xcassets */ = {isa = PBXFileReference; lastKnownFileType = folder.assetcatalog; path = Images.xcassets; sourceTree = "<group>"; };
		CD8F11AF1A8A788700374E4E /* Base */ = {isa = PBXFileReference; lastKnownFileType = file.xib; name = Base; path = Base.lproj/LaunchScreen.xib; sourceTree = "<group>"; };
		CD8F11B51A8A788700374E4E /* RecipesFTWTests.xctest */ = {isa = PBXFileReference; explicitFileType = wrapper.cfbundle; includeInIndex = 0; path = RecipesFTWTests.xctest; sourceTree = BUILT_PRODUCTS_DIR; };
		CD8F11BA1A8A788700374E4E /* Info.plist */ = {isa = PBXFileReference; lastKnownFileType = text.plist.xml; path = Info.plist; sourceTree = "<group>"; };
		CD8F11BB1A8A788700374E4E /* RecipesFTWTests.m */ = {isa = PBXFileReference; lastKnownFileType = sourcecode.c.objc; path = RecipesFTWTests.m; sourceTree = "<group>"; };
/* End PBXFileReference section */

/* Begin PBXFrameworksBuildPhase section */
		CD8F11991A8A788700374E4E /* Frameworks */ = {
			isa = PBXFrameworksBuildPhase;
			buildActionMask = 2147483647;
			files = (
			);
			runOnlyForDeploymentPostprocessing = 0;
		};
		CD8F11B21A8A788700374E4E /* Frameworks */ = {
			isa = PBXFrameworksBuildPhase;
			buildActionMask = 2147483647;
			files = (
			);
			runOnlyForDeploymentPostprocessing = 0;
		};
/* End PBXFrameworksBuildPhase section */

/* Begin PBXGroup section */
		CD8F11931A8A788700374E4E = {
			isa = PBXGroup;
			children = (
				CD8F119E1A8A788700374E4E /* RecipesFTW */,
				CD8F11B81A8A788700374E4E /* RecipesFTWTests */,
				CD8F119D1A8A788700374E4E /* Products */,
			);
			sourceTree = "<group>";
		};
		CD8F119D1A8A788700374E4E /* Products */ = {
			isa = PBXGroup;
			children = (
				CD8F119C1A8A788700374E4E /* RecipesFTW.app */,
				CD8F11B51A8A788700374E4E /* RecipesFTWTests.xctest */,
			);
			name = Products;
			sourceTree = "<group>";
		};
		CD8F119E1A8A788700374E4E /* RecipesFTW */ = {
			isa = PBXGroup;
			children = (
				CD8F11A31A8A788700374E4E /* AppDelegate.h */,
				CD8F11A41A8A788700374E4E /* AppDelegate.m */,
				CD8F11A61A8A788700374E4E /* ViewController.h */,
				CD8F11A71A8A788700374E4E /* ViewController.m */,
				CD8F11A91A8A788700374E4E /* Main.storyboard */,
				CD8F11AC1A8A788700374E4E /* Images.xcassets */,
				CD8F11AE1A8A788700374E4E /* LaunchScreen.xib */,
				CD8F119F1A8A788700374E4E /* Supporting Files */,
			);
			path = RecipesFTW;
			sourceTree = "<group>";
		};
		CD8F119F1A8A788700374E4E /* Supporting Files */ = {
			isa = PBXGroup;
			children = (
				CD8F11A01A8A788700374E4E /* Info.plist */,
				CD8F11A11A8A788700374E4E /* main.m */,
			);
			name = "Supporting Files";
			sourceTree = "<group>";
		};
		CD8F11B81A8A788700374E4E /* RecipesFTWTests */ = {
			isa = PBXGroup;
			children = (
				CD8F11BB1A8A788700374E4E /* RecipesFTWTests.m */,
				CD8F11B91A8A788700374E4E /* Supporting Files */,
			);
			path = RecipesFTWTests;
			sourceTree = "<group>";
		};
		CD8F11B91A8A788700374E4E /* Supporting Files */ = {
			isa = PBXGroup;
			children = (
				CD8F11BA1A8A788700374E4E /* Info.plist */,
			);
			name = "Supporting Files";
			sourceTree = "<group>";
		};
/* End PBXGroup section */

/* Begin PBXNativeTarget section */
		CD8F119B1A8A788700374E4E /* RecipesFTW */ = {
			isa = PBXNativeTarget;
			buildConfigurationList = CD8F11BF1A8A788700374E4E /* Build configuration list for PBXNativeTarget "RecipesFTW" */;
			buildPhases = (
				CD8F11981A8A788700374E4E /* Sources */,
				CD8F11991A8A788700374E4E /* Frameworks */,
				CD8F119A1A8A788700374E4E /* Resources */,
			);
			buildRules = (
			);
			dependencies = (
			);
			name = RecipesFTW;
			productName = RecipesFTW;
			productReference = CD8F119C1A8A788700374E4E /* RecipesFTW.app */;
			productType = "com.apple.product-type.application";
		};
		CD8F11B41A8A788700374E4E /* RecipesFTWTests */ = {
			isa = PBXNativeTarget;
			buildConfigurationList = CD8F11C21A8A788700374E4E /* Build configuration list for PBXNativeTarget "RecipesFTWTests" */;
			buildPhases = (
				CD8F11B11A8A788700374E4E /* Sources */,
				CD8F11B21A8A788700374E4E /* Frameworks */,
				CD8F11B31A8A788700374E4E /* Resources */,
			);
			buildRules = (
			);
			dependencies = (
				CD8F11B71A8A788700374E4E /* PBXTargetDependency */,
			);
			name = RecipesFTWTests;
			productName = RecipesFTWTests;
			productReference = CD8F11B51A8A788700374E4E /* RecipesFTWTests.xctest */;
			productType = "com.apple.product-type.bundle.unit-test";
		};
/* End PBXNativeTarget section */

/* Begin PBXProject section */
		CD8F11941A8A788700374E4E /* Project object */ = {
			isa = PBXProject;
			attributes = {
				LastUpgradeCheck = 0610;
				ORGANIZATIONNAME = Zhn;
				TargetAttributes = {
					CD8F119B1A8A788700374E4E = {
						CreatedOnToolsVersion = 6.1;
					};
					CD8F11B41A8A788700374E4E = {
						CreatedOnToolsVersion = 6.1;
						TestTargetID = CD8F119B1A8A788700374E4E;
					};
				};
			};
			buildConfigurationList = CD8F11971A8A788700374E4E /* Build configuration list for PBXProject "RecipesFTW" */;
			compatibilityVersion = "Xcode 3.2";
			developmentRegion = English;
			hasScannedForEncodings = 0;
			knownRegions = (
				en,
				Base,
			);
			mainGroup = CD8F11931A8A788700374E4E;
			productRefGroup = CD8F119D1A8A788700374E4E /* Products */;
			projectDirPath = "";
			projectRoot = "";
			targets = (
				CD8F119B1A8A788700374E4E /* RecipesFTW */,
				CD8F11B41A8A788700374E4E /* RecipesFTWTests */,
			);
		};
/* End PBXProject section */

/* Begin PBXResourcesBuildPhase section */
		CD8F119A1A8A788700374E4E /* Resources */ = {
			isa = PBXResourcesBuildPhase;
			buildActionMask = 2147483647;
			files = (
				CD8F11AB1A8A788700374E4E /* Main.storyboard in Resources */,
				CD8F11B01A8A788700374E4E /* LaunchScreen.xib in Resources */,
				CD8F11AD1A8A788700374E4E /* Images.xcassets in Resources */,
			);
			runOnlyForDeploymentPostprocessing = 0;
		};
		CD8F11B31A8A788700374E4E /* Resources */ = {
			isa = PBXResourcesBuildPhase;
			buildActionMask = 2147483647;
			files = (
			);
			runOnlyForDeploymentPostprocessing = 0;
		};
/* End PBXResourcesBuildPhase section */

/* Begin PBXSourcesBuildPhase section */
		CD8F11981A8A788700374E4E /* Sources */ = {
			isa = PBXSourcesBuildPhase;
			buildActionMask = 2147483647;
			files = (
				CD8F11A81A8A788700374E4E /* ViewController.m in Sources */,
				CD8F11A51A8A788700374E4E /* AppDelegate.m in Sources */,
				CD8F11A21A8A788700374E4E /* main.m in Sources */,
			);
			runOnlyForDeploymentPostprocessing = 0;
		};
		CD8F11B11A8A788700374E4E /* Sources */ = {
			isa = PBXSourcesBuildPhase;
			buildActionMask = 2147483647;
			files = (
				CD8F11BC1A8A788700374E4E /* RecipesFTWTests.m in Sources */,
			);
			runOnlyForDeploymentPostprocessing = 0;
		};
/* End PBXSourcesBuildPhase section */

/* Begin PBXTargetDependency section */
		CD8F11B71A8A788700374E4E /* PBXTargetDependency */ = {
			isa = PBXTargetDependency;
			target = CD8F119B1A8A788700374E4E /* RecipesFTW */;
			targetProxy = CD8F11B61A8A788700374E4E /* PBXContainerItemProxy */;
		};
/* End PBXTargetDependency section */

/* Begin PBXVariantGroup section */
		CD8F11A91A8A788700374E4E /* Main.storyboard */ = {
			isa = PBXVariantGroup;
			children = (
				CD8F11AA1A8A788700374E4E /* Base */,
			);
			name = Main.storyboard;
			sourceTree = "<group>";
		};
		CD8F11AE1A8A788700374E4E /* LaunchScreen.xib */ = {
			isa = PBXVariantGroup;
			children = (
				CD8F11AF1A8A788700374E4E /* Base */,
			);
			name = LaunchScreen.xib;
			sourceTree = "<group>";
		};
/* End PBXVariantGroup section */

/* Begin XCBuildConfiguration section */
		CD8F11BD1A8A788700374E4E /* Debug */ = {
			isa = XCBuildConfiguration;
			buildSettings = {
				ALWAYS_SEARCH_USER_PATHS = NO;
				CLANG_CXX_LANGUAGE_STANDARD = "gnu++0x";
				CLANG_CXX_LIBRARY = "libc++";
				CLANG_ENABLE_MODULES = YES;
				CLANG_ENABLE_OBJC_ARC = YES;
				CLANG_WARN_BOOL_CONVERSION = YES;
				CLANG_WARN_CONSTANT_CONVERSION = YES;
				CLANG_WARN_DIRECT_OBJC_ISA_USAGE = YES_ERROR;
				CLANG_WARN_EMPTY_BODY = YES;
				CLANG_WARN_ENUM_CONVERSION = YES;
				CLANG_WARN_INT_CONVERSION = YES;
				CLANG_WARN_OBJC_ROOT_CLASS = YES_ERROR;
				CLANG_WARN_UNREACHABLE_CODE = YES;
				CLANG_WARN__DUPLICATE_METHOD_MATCH = YES;
				"CODE_SIGN_IDENTITY[sdk=iphoneos*]" = "iPhone Developer";
				COPY_PHASE_STRIP = NO;
				ENABLE_STRICT_OBJC_MSGSEND = YES;
				GCC_C_LANGUAGE_STANDARD = gnu99;
				GCC_DYNAMIC_NO_PIC = NO;
				GCC_OPTIMIZATION_LEVEL = 0;
				GCC_PREPROCESSOR_DEFINITIONS = (
					"DEBUG=1",
					"$(inherited)",
				);
				GCC_SYMBOLS_PRIVATE_EXTERN = NO;
				GCC_WARN_64_TO_32_BIT_CONVERSION = YES;
				GCC_WARN_ABOUT_RETURN_TYPE = YES_ERROR;
				GCC_WARN_UNDECLARED_SELECTOR = YES;
				GCC_WARN_UNINITIALIZED_AUTOS = YES_AGGRESSIVE;
				GCC_WARN_UNUSED_FUNCTION = YES;
				GCC_WARN_UNUSED_VARIABLE = YES;
				IPHONEOS_DEPLOYMENT_TARGET = 8.1;
				MTL_ENABLE_DEBUG_INFO = YES;
				ONLY_ACTIVE_ARCH = YES;
				SDKROOT = iphoneos;
				TARGETED_DEVICE_FAMILY = "1,2";
			};
			name = Debug;
		};
		CD8F11BE1A8A788700374E4E /* Release */ = {
			isa = XCBuildConfiguration;
			buildSettings = {
				ALWAYS_SEARCH_USER_PATHS = NO;
				CLANG_CXX_LANGUAGE_STANDARD = "gnu++0x";
				CLANG_CXX_LIBRARY = "libc++";
				CLANG_ENABLE_MODULES = YES;
				CLANG_ENABLE_OBJC_ARC = YES;
				CLANG_WARN_BOOL_CONVERSION = YES;
				CLANG_WARN_CONSTANT_CONVERSION = YES;
				CLANG_WARN_DIRECT_OBJC_ISA_USAGE = YES_ERROR;
				CLANG_WARN_EMPTY_BODY = YES;
				CLANG_WARN_ENUM_CONVERSION = YES;
				CLANG_WARN_INT_CONVERSION = YES;
				CLANG_WARN_OBJC_ROOT_CLASS = YES_ERROR;
				CLANG_WARN_UNREACHABLE_CODE = YES;
				CLANG_WARN__DUPLICATE_METHOD_MATCH = YES;
				"CODE_SIGN_IDENTITY[sdk=iphoneos*]" = "iPhone Developer";
				COPY_PHASE_STRIP = YES;
				ENABLE_NS_ASSERTIONS = NO;
				ENABLE_STRICT_OBJC_MSGSEND = YES;
				GCC_C_LANGUAGE_STANDARD = gnu99;
				GCC_WARN_64_TO_32_BIT_CONVERSION = YES;
				GCC_WARN_ABOUT_RETURN_TYPE = YES_ERROR;
				GCC_WARN_UNDECLARED_SELECTOR = YES;
				GCC_WARN_UNINITIALIZED_AUTOS = YES_AGGRESSIVE;
				GCC_WARN_UNUSED_FUNCTION = YES;
				GCC_WARN_UNUSED_VARIABLE = YES;
				IPHONEOS_DEPLOYMENT_TARGET = 8.1;
				MTL_ENABLE_DEBUG_INFO = NO;
				SDKROOT = iphoneos;
				TARGETED_DEVICE_FAMILY = "1,2";
				VALIDATE_PRODUCT = YES;
			};
			name = Release;
		};
		CD8F11C01A8A788700374E4E /* Debug */ = {
			isa = XCBuildConfiguration;
			buildSettings = {
				ASSETCATALOG_COMPILER_APPICON_NAME = AppIcon;
				INFOPLIST_FILE = RecipesFTW/Info.plist;
				LD_RUNPATH_SEARCH_PATHS = "$(inherited) @executable_path/Frameworks";
				PRODUCT_NAME = "$(TARGET_NAME)";
			};
			name = Debug;
		};
		CD8F11C11A8A788700374E4E /* Release */ = {
			isa = XCBuildConfiguration;
			buildSettings = {
				ASSETCATALOG_COMPILER_APPICON_NAME = AppIcon;
				INFOPLIST_FILE = RecipesFTW/Info.plist;
				LD_RUNPATH_SEARCH_PATHS = "$(inherited) @executable_path/Frameworks";
				PRODUCT_NAME = "$(TARGET_NAME)";
			};
			name = Release;
		};
		CD8F11C31A8A788700374E4E /* Debug */ = {
			isa = XCBuildConfiguration;
			buildSettings = {
				BUNDLE_LOADER = "$(TEST_HOST)";
				FRAMEWORK_SEARCH_PATHS = (
					"$(SDKROOT)/Developer/Library/Frameworks",
					"$(inherited)",
				);
				GCC_PREPROCESSOR_DEFINITIONS = (
					"DEBUG=1",
					"$(inherited)",
				);
				INFOPLIST_FILE = RecipesFTWTests/Info.plist;
				LD_RUNPATH_SEARCH_PATHS = "$(inherited) @executable_path/Frameworks @loader_path/Frameworks";
				PRODUCT_NAME = "$(TARGET_NAME)";
				TEST_HOST = "$(BUILT_PRODUCTS_DIR)/RecipesFTW.app/RecipesFTW";
			};
			name = Debug;
		};
		CD8F11C41A8A788700374E4E /* Release */ = {
			isa = XCBuildConfiguration;
			buildSettings = {
				BUNDLE_LOADER = "$(TEST_HOST)";
				FRAMEWORK_SEARCH_PATHS = (
					"$(SDKROOT)/Developer/Library/Frameworks",
					"$(inherited)",
				);
				INFOPLIST_FILE = RecipesFTWTests/Info.plist;
				LD_RUNPATH_SEARCH_PATHS = "$(inherited) @executable_path/Frameworks @loader_path/Frameworks";
				PRODUCT_NAME = "$(TARGET_NAME)";
				TEST_HOST = "$(BUILT_PRODUCTS_DIR)/RecipesFTW.app/RecipesFTW";
			};
			name = Release;
		};
/* End XCBuildConfiguration section */

/* Begin XCConfigurationList section */
		CD8F11971A8A788700374E4E /* Build configuration list for PBXProject "RecipesFTW" */ = {
			isa = XCConfigurationList;
			buildConfigurations = (
				CD8F11BD1A8A788700374E4E /* Debug */,
				CD8F11BE1A8A788700374E4E /* Release */,
			);
			defaultConfigurationIsVisible = 0;
			defaultConfigurationName = Release;
		};
		CD8F11BF1A8A788700374E4E /* Build configuration list for PBXNativeTarget "RecipesFTW" */ = {
			isa = XCConfigurationList;
			buildConfigurations = (
				CD8F11C01A8A788700374E4E /* Debug */,
				CD8F11C11A8A788700374E4E /* Release */,
			);
			defaultConfigurationIsVisible = 0;
		};
		CD8F11C21A8A788700374E4E /* Build configuration list for PBXNativeTarget "RecipesFTWTests" */ = {
			isa = XCConfigurationList;
			buildConfigurations = (
				CD8F11C31A8A788700374E4E /* Debug */,
				CD8F11C41A8A788700374E4E /* Release */,
			);
			defaultConfigurationIsVisible = 0;
		};
/* End XCConfigurationList section */
	};
	rootObject = CD8F11941A8A788700374E4E /* Project object */;
}
