// !$*UTF8*$!
{
	archiveVersion = 1;
	classes = {
	};
	objectVersion = 46;
	objects = {

/* Begin PBXBuildFile section */
		5E5FDE4B05EBE54B5C057699 /* libPods.a in Frameworks */ = {isa = PBXBuildFile; fileRef = F368D85F432D0CDDABA5D849 /* libPods.a */; };
		CD1F50281A8A80BD00AC1D6A /* MenuTableViewController.m in Sources */ = {isa = PBXBuildFile; fileRef = CD1F50271A8A80BD00AC1D6A /* MenuTableViewController.m */; };
		CD1F502F1A8A813700AC1D6A /* RecipesTableViewController.m in Sources */ = {isa = PBXBuildFile; fileRef = CD1F502E1A8A813700AC1D6A /* RecipesTableViewController.m */; };
		CD1F50331A8A871300AC1D6A /* ViewControllerConfigurator.m in Sources */ = {isa = PBXBuildFile; fileRef = CD1F50321A8A871300AC1D6A /* ViewControllerConfigurator.m */; };
		CD1F50371A8A87B300AC1D6A /* PresentationViewController.m in Sources */ = {isa = PBXBuildFile; fileRef = CD1F50361A8A87B300AC1D6A /* PresentationViewController.m */; };
		CD1F503B1A8A885100AC1D6A /* AboutViewController.m in Sources */ = {isa = PBXBuildFile; fileRef = CD1F503A1A8A885100AC1D6A /* AboutViewController.m */; };
		CD1F503F1A8A914900AC1D6A /* Recipe.m in Sources */ = {isa = PBXBuildFile; fileRef = CD1F503E1A8A914900AC1D6A /* Recipe.m */; };
		CD1F50481A8A918200AC1D6A /* NVBaseSingleton.m in Sources */ = {isa = PBXBuildFile; fileRef = CD1F50441A8A918200AC1D6A /* NVBaseSingleton.m */; };
		CD1F50491A8A918200AC1D6A /* UIColor+NVProps.m in Sources */ = {isa = PBXBuildFile; fileRef = CD1F50471A8A918200AC1D6A /* UIColor+NVProps.m */; };
		CD1F504C1A8A926900AC1D6A /* RecipeManager.m in Sources */ = {isa = PBXBuildFile; fileRef = CD1F504B1A8A926900AC1D6A /* RecipeManager.m */; };
		CD1F504F1A8A9B8800AC1D6A /* RecipeCell.m in Sources */ = {isa = PBXBuildFile; fileRef = CD1F504E1A8A9B8800AC1D6A /* RecipeCell.m */; };
		CD1F50531A8A9EEA00AC1D6A /* ObjectParser.m in Sources */ = {isa = PBXBuildFile; fileRef = CD1F50521A8A9EEA00AC1D6A /* ObjectParser.m */; };
		CD8F11A21A8A788700374E4E /* main.m in Sources */ = {isa = PBXBuildFile; fileRef = CD8F11A11A8A788700374E4E /* main.m */; };
		CD8F11A51A8A788700374E4E /* AppDelegate.m in Sources */ = {isa = PBXBuildFile; fileRef = CD8F11A41A8A788700374E4E /* AppDelegate.m */; };
		CD8F11AB1A8A788700374E4E /* Main.storyboard in Resources */ = {isa = PBXBuildFile; fileRef = CD8F11A91A8A788700374E4E /* Main.storyboard */; };
		CD8F11AD1A8A788700374E4E /* Images.xcassets in Resources */ = {isa = PBXBuildFile; fileRef = CD8F11AC1A8A788700374E4E /* Images.xcassets */; };
		CD8F11B01A8A788700374E4E /* LaunchScreen.xib in Resources */ = {isa = PBXBuildFile; fileRef = CD8F11AE1A8A788700374E4E /* LaunchScreen.xib */; };
/* End PBXBuildFile section */

/* Begin PBXFileReference section */
		21D8A37BBB48DA58DF32900F /* Pods.release.xcconfig */ = {isa = PBXFileReference; includeInIndex = 1; lastKnownFileType = text.xcconfig; name = Pods.release.xcconfig; path = "Pods/Target Support Files/Pods/Pods.release.xcconfig"; sourceTree = "<group>"; };
		CD1F50261A8A80BD00AC1D6A /* MenuTableViewController.h */ = {isa = PBXFileReference; fileEncoding = 4; lastKnownFileType = sourcecode.c.h; path = MenuTableViewController.h; sourceTree = "<group>"; };
		CD1F50271A8A80BD00AC1D6A /* MenuTableViewController.m */ = {isa = PBXFileReference; fileEncoding = 4; lastKnownFileType = sourcecode.c.objc; path = MenuTableViewController.m; sourceTree = "<group>"; };
		CD1F502D1A8A813700AC1D6A /* RecipesTableViewController.h */ = {isa = PBXFileReference; fileEncoding = 4; lastKnownFileType = sourcecode.c.h; path = RecipesTableViewController.h; sourceTree = "<group>"; };
		CD1F502E1A8A813700AC1D6A /* RecipesTableViewController.m */ = {isa = PBXFileReference; fileEncoding = 4; lastKnownFileType = sourcecode.c.objc; path = RecipesTableViewController.m; sourceTree = "<group>"; };
		CD1F50311A8A871300AC1D6A /* ViewControllerConfigurator.h */ = {isa = PBXFileReference; fileEncoding = 4; lastKnownFileType = sourcecode.c.h; path = ViewControllerConfigurator.h; sourceTree = "<group>"; };
		CD1F50321A8A871300AC1D6A /* ViewControllerConfigurator.m */ = {isa = PBXFileReference; fileEncoding = 4; lastKnownFileType = sourcecode.c.objc; path = ViewControllerConfigurator.m; sourceTree = "<group>"; };
		CD1F50351A8A87B300AC1D6A /* PresentationViewController.h */ = {isa = PBXFileReference; fileEncoding = 4; lastKnownFileType = sourcecode.c.h; path = PresentationViewController.h; sourceTree = "<group>"; };
		CD1F50361A8A87B300AC1D6A /* PresentationViewController.m */ = {isa = PBXFileReference; fileEncoding = 4; lastKnownFileType = sourcecode.c.objc; path = PresentationViewController.m; sourceTree = "<group>"; };
		CD1F50391A8A885100AC1D6A /* AboutViewController.h */ = {isa = PBXFileReference; fileEncoding = 4; lastKnownFileType = sourcecode.c.h; path = AboutViewController.h; sourceTree = "<group>"; };
		CD1F503A1A8A885100AC1D6A /* AboutViewController.m */ = {isa = PBXFileReference; fileEncoding = 4; lastKnownFileType = sourcecode.c.objc; path = AboutViewController.m; sourceTree = "<group>"; };
		CD1F503D1A8A914900AC1D6A /* Recipe.h */ = {isa = PBXFileReference; fileEncoding = 4; lastKnownFileType = sourcecode.c.h; path = Recipe.h; sourceTree = "<group>"; };
		CD1F503E1A8A914900AC1D6A /* Recipe.m */ = {isa = PBXFileReference; fileEncoding = 4; lastKnownFileType = sourcecode.c.objc; path = Recipe.m; sourceTree = "<group>"; };
		CD1F50431A8A918200AC1D6A /* NVBaseSingleton.h */ = {isa = PBXFileReference; fileEncoding = 4; lastKnownFileType = sourcecode.c.h; path = NVBaseSingleton.h; sourceTree = "<group>"; };
		CD1F50441A8A918200AC1D6A /* NVBaseSingleton.m */ = {isa = PBXFileReference; fileEncoding = 4; lastKnownFileType = sourcecode.c.objc; path = NVBaseSingleton.m; sourceTree = "<group>"; };
		CD1F50461A8A918200AC1D6A /* UIColor+NVProps.h */ = {isa = PBXFileReference; fileEncoding = 4; lastKnownFileType = sourcecode.c.h; path = "UIColor+NVProps.h"; sourceTree = "<group>"; };
		CD1F50471A8A918200AC1D6A /* UIColor+NVProps.m */ = {isa = PBXFileReference; fileEncoding = 4; lastKnownFileType = sourcecode.c.objc; path = "UIColor+NVProps.m"; sourceTree = "<group>"; };
		CD1F504A1A8A926900AC1D6A /* RecipeManager.h */ = {isa = PBXFileReference; fileEncoding = 4; lastKnownFileType = sourcecode.c.h; path = RecipeManager.h; sourceTree = "<group>"; };
		CD1F504B1A8A926900AC1D6A /* RecipeManager.m */ = {isa = PBXFileReference; fileEncoding = 4; lastKnownFileType = sourcecode.c.objc; path = RecipeManager.m; sourceTree = "<group>"; };
		CD1F504D1A8A9B8800AC1D6A /* RecipeCell.h */ = {isa = PBXFileReference; fileEncoding = 4; lastKnownFileType = sourcecode.c.h; path = RecipeCell.h; sourceTree = "<group>"; };
		CD1F504E1A8A9B8800AC1D6A /* RecipeCell.m */ = {isa = PBXFileReference; fileEncoding = 4; lastKnownFileType = sourcecode.c.objc; path = RecipeCell.m; sourceTree = "<group>"; };
		CD1F50511A8A9EEA00AC1D6A /* ObjectParser.h */ = {isa = PBXFileReference; fileEncoding = 4; lastKnownFileType = sourcecode.c.h; path = ObjectParser.h; sourceTree = "<group>"; };
		CD1F50521A8A9EEA00AC1D6A /* ObjectParser.m */ = {isa = PBXFileReference; fileEncoding = 4; lastKnownFileType = sourcecode.c.objc; path = ObjectParser.m; sourceTree = "<group>"; };
		CD8F119C1A8A788700374E4E /* RecipesFTW.app */ = {isa = PBXFileReference; explicitFileType = wrapper.application; includeInIndex = 0; path = RecipesFTW.app; sourceTree = BUILT_PRODUCTS_DIR; };
		CD8F11A01A8A788700374E4E /* Info.plist */ = {isa = PBXFileReference; lastKnownFileType = text.plist.xml; path = Info.plist; sourceTree = "<group>"; };
		CD8F11A11A8A788700374E4E /* main.m */ = {isa = PBXFileReference; lastKnownFileType = sourcecode.c.objc; path = main.m; sourceTree = "<group>"; };
		CD8F11A31A8A788700374E4E /* AppDelegate.h */ = {isa = PBXFileReference; lastKnownFileType = sourcecode.c.h; path = AppDelegate.h; sourceTree = "<group>"; };
		CD8F11A41A8A788700374E4E /* AppDelegate.m */ = {isa = PBXFileReference; lastKnownFileType = sourcecode.c.objc; path = AppDelegate.m; sourceTree = "<group>"; };
		CD8F11AA1A8A788700374E4E /* Base */ = {isa = PBXFileReference; lastKnownFileType = file.storyboard; name = Base; path = Base.lproj/Main.storyboard; sourceTree = "<group>"; };
		CD8F11AC1A8A788700374E4E /* Images.xcassets */ = {isa = PBXFileReference; lastKnownFileType = folder.assetcatalog; path = Images.xcassets; sourceTree = "<group>"; };
		CD8F11AF1A8A788700374E4E /* Base */ = {isa = PBXFileReference; lastKnownFileType = file.xib; name = Base; path = Base.lproj/LaunchScreen.xib; sourceTree = "<group>"; };
		F368D85F432D0CDDABA5D849 /* libPods.a */ = {isa = PBXFileReference; explicitFileType = archive.ar; includeInIndex = 0; path = libPods.a; sourceTree = BUILT_PRODUCTS_DIR; };
		F67AC8EEB0ECEC042882E80D /* Pods.debug.xcconfig */ = {isa = PBXFileReference; includeInIndex = 1; lastKnownFileType = text.xcconfig; name = Pods.debug.xcconfig; path = "Pods/Target Support Files/Pods/Pods.debug.xcconfig"; sourceTree = "<group>"; };
/* End PBXFileReference section */

/* Begin PBXFrameworksBuildPhase section */
		CD8F11991A8A788700374E4E /* Frameworks */ = {
			isa = PBXFrameworksBuildPhase;
			buildActionMask = 2147483647;
			files = (
				5E5FDE4B05EBE54B5C057699 /* libPods.a in Frameworks */,
			);
			runOnlyForDeploymentPostprocessing = 0;
		};
/* End PBXFrameworksBuildPhase section */

/* Begin PBXGroup section */
		64AE7B5F4F74ED350ED499AC /* Pods */ = {
			isa = PBXGroup;
			children = (
				F67AC8EEB0ECEC042882E80D /* Pods.debug.xcconfig */,
				21D8A37BBB48DA58DF32900F /* Pods.release.xcconfig */,
			);
			name = Pods;
			sourceTree = "<group>";
		};
		CD1F50211A8A79F500AC1D6A /* Classes */ = {
			isa = PBXGroup;
			children = (
				CD1F50221A8A79FF00AC1D6A /* Data */,
				CD1F50231A8A7A0700AC1D6A /* View */,
			);
			name = Classes;
			sourceTree = "<group>";
		};
		CD1F50221A8A79FF00AC1D6A /* Data */ = {
			isa = PBXGroup;
			children = (
				CD1F50501A8A9EC700AC1D6A /* Helpers */,
				CD1F503C1A8A913100AC1D6A /* Recipes */,
			);
			name = Data;
			sourceTree = "<group>";
		};
		CD1F50231A8A7A0700AC1D6A /* View */ = {
			isa = PBXGroup;
			children = (
				CD1F50301A8A86FA00AC1D6A /* Helpers */,
				CD8F11AE1A8A788700374E4E /* LaunchScreen.xib */,
				CD8F11A91A8A788700374E4E /* Main.storyboard */,
				CD1F50251A8A80A000AC1D6A /* Menu */,
				CD1F50381A8A880700AC1D6A /* About */,
				CD1F50341A8A879700AC1D6A /* Presentation */,
				CD1F50291A8A80F200AC1D6A /* Recipes */,
			);
			name = View;
			sourceTree = "<group>";
		};
		CD1F50241A8A7A1600AC1D6A /* Resources */ = {
			isa = PBXGroup;
			children = (
				CD8F11AC1A8A788700374E4E /* Images.xcassets */,
			);
			name = Resources;
			sourceTree = "<group>";
		};
		CD1F50251A8A80A000AC1D6A /* Menu */ = {
			isa = PBXGroup;
			children = (
				CD1F50261A8A80BD00AC1D6A /* MenuTableViewController.h */,
				CD1F50271A8A80BD00AC1D6A /* MenuTableViewController.m */,
			);
			name = Menu;
			sourceTree = "<group>";
		};
		CD1F50291A8A80F200AC1D6A /* Recipes */ = {
			isa = PBXGroup;
			children = (
				CD1F504D1A8A9B8800AC1D6A /* RecipeCell.h */,
				CD1F504E1A8A9B8800AC1D6A /* RecipeCell.m */,
				CD1F502D1A8A813700AC1D6A /* RecipesTableViewController.h */,
				CD1F502E1A8A813700AC1D6A /* RecipesTableViewController.m */,
			);
			name = Recipes;
			sourceTree = "<group>";
		};
		CD1F50301A8A86FA00AC1D6A /* Helpers */ = {
			isa = PBXGroup;
			children = (
				CD1F50311A8A871300AC1D6A /* ViewControllerConfigurator.h */,
				CD1F50321A8A871300AC1D6A /* ViewControllerConfigurator.m */,
			);
			name = Helpers;
			sourceTree = "<group>";
		};
		CD1F50341A8A879700AC1D6A /* Presentation */ = {
			isa = PBXGroup;
			children = (
				CD1F50351A8A87B300AC1D6A /* PresentationViewController.h */,
				CD1F50361A8A87B300AC1D6A /* PresentationViewController.m */,
			);
			name = Presentation;
			sourceTree = "<group>";
		};
		CD1F50381A8A880700AC1D6A /* About */ = {
			isa = PBXGroup;
			children = (
				CD1F50391A8A885100AC1D6A /* AboutViewController.h */,
				CD1F503A1A8A885100AC1D6A /* AboutViewController.m */,
			);
			name = About;
			sourceTree = "<group>";
		};
		CD1F503C1A8A913100AC1D6A /* Recipes */ = {
			isa = PBXGroup;
			children = (
				CD1F503D1A8A914900AC1D6A /* Recipe.h */,
				CD1F503E1A8A914900AC1D6A /* Recipe.m */,
				CD1F504A1A8A926900AC1D6A /* RecipeManager.h */,
				CD1F504B1A8A926900AC1D6A /* RecipeManager.m */,
			);
			name = Recipes;
			sourceTree = "<group>";
		};
		CD1F50411A8A918200AC1D6A /* Libs */ = {
			isa = PBXGroup;
			children = (
				CD1F50421A8A918200AC1D6A /* NVBaseSingleton */,
				CD1F50451A8A918200AC1D6A /* NVColor */,
			);
			path = Libs;
			sourceTree = SOURCE_ROOT;
		};
		CD1F50421A8A918200AC1D6A /* NVBaseSingleton */ = {
			isa = PBXGroup;
			children = (
				CD1F50431A8A918200AC1D6A /* NVBaseSingleton.h */,
				CD1F50441A8A918200AC1D6A /* NVBaseSingleton.m */,
			);
			path = NVBaseSingleton;
			sourceTree = "<group>";
		};
		CD1F50451A8A918200AC1D6A /* NVColor */ = {
			isa = PBXGroup;
			children = (
				CD1F50461A8A918200AC1D6A /* UIColor+NVProps.h */,
				CD1F50471A8A918200AC1D6A /* UIColor+NVProps.m */,
			);
			path = NVColor;
			sourceTree = "<group>";
		};
		CD1F50501A8A9EC700AC1D6A /* Helpers */ = {
			isa = PBXGroup;
			children = (
				CD1F50511A8A9EEA00AC1D6A /* ObjectParser.h */,
				CD1F50521A8A9EEA00AC1D6A /* ObjectParser.m */,
			);
			name = Helpers;
			sourceTree = "<group>";
		};
		CD8F11931A8A788700374E4E = {
			isa = PBXGroup;
			children = (
				CD8F119E1A8A788700374E4E /* RecipesFTW */,
				CD8F119D1A8A788700374E4E /* Products */,
				64AE7B5F4F74ED350ED499AC /* Pods */,
				F6EA84CB438230FA5FE3DC42 /* Frameworks */,
			);
			sourceTree = "<group>";
		};
		CD8F119D1A8A788700374E4E /* Products */ = {
			isa = PBXGroup;
			children = (
				CD8F119C1A8A788700374E4E /* RecipesFTW.app */,
			);
			name = Products;
			sourceTree = "<group>";
		};
		CD8F119E1A8A788700374E4E /* RecipesFTW */ = {
			isa = PBXGroup;
			children = (
				CD1F50411A8A918200AC1D6A /* Libs */,
				CD1F50241A8A7A1600AC1D6A /* Resources */,
				CD1F50211A8A79F500AC1D6A /* Classes */,
				CD8F119F1A8A788700374E4E /* Supporting Files */,
			);
			path = RecipesFTW;
			sourceTree = "<group>";
		};
		CD8F119F1A8A788700374E4E /* Supporting Files */ = {
			isa = PBXGroup;
			children = (
				CD8F11A31A8A788700374E4E /* AppDelegate.h */,
				CD8F11A41A8A788700374E4E /* AppDelegate.m */,
				CD8F11A01A8A788700374E4E /* Info.plist */,
				CD8F11A11A8A788700374E4E /* main.m */,
			);
			name = "Supporting Files";
			sourceTree = "<group>";
		};
		F6EA84CB438230FA5FE3DC42 /* Frameworks */ = {
			isa = PBXGroup;
			children = (
				F368D85F432D0CDDABA5D849 /* libPods.a */,
			);
			name = Frameworks;
			sourceTree = "<group>";
		};
/* End PBXGroup section */

/* Begin PBXNativeTarget section */
		CD8F119B1A8A788700374E4E /* RecipesFTW */ = {
			isa = PBXNativeTarget;
			buildConfigurationList = CD8F11BF1A8A788700374E4E /* Build configuration list for PBXNativeTarget "RecipesFTW" */;
			buildPhases = (
				41B25DE89E475759D1D77134 /* Check Pods Manifest.lock */,
				CD8F11981A8A788700374E4E /* Sources */,
				CD8F11991A8A788700374E4E /* Frameworks */,
				CD8F119A1A8A788700374E4E /* Resources */,
				672B06B00F5BBBEF43D46F4D /* Copy Pods Resources */,
			);
			buildRules = (
			);
			dependencies = (
			);
			name = RecipesFTW;
			productName = RecipesFTW;
			productReference = CD8F119C1A8A788700374E4E /* RecipesFTW.app */;
			productType = "com.apple.product-type.application";
		};
/* End PBXNativeTarget section */

/* Begin PBXProject section */
		CD8F11941A8A788700374E4E /* Project object */ = {
			isa = PBXProject;
			attributes = {
				LastUpgradeCheck = 0610;
				ORGANIZATIONNAME = Zhn;
				TargetAttributes = {
					CD8F119B1A8A788700374E4E = {
						CreatedOnToolsVersion = 6.1;
					};
				};
			};
			buildConfigurationList = CD8F11971A8A788700374E4E /* Build configuration list for PBXProject "RecipesFTW" */;
			compatibilityVersion = "Xcode 3.2";
			developmentRegion = English;
			hasScannedForEncodings = 0;
			knownRegions = (
				en,
				Base,
			);
			mainGroup = CD8F11931A8A788700374E4E;
			productRefGroup = CD8F119D1A8A788700374E4E /* Products */;
			projectDirPath = "";
			projectRoot = "";
			targets = (
				CD8F119B1A8A788700374E4E /* RecipesFTW */,
			);
		};
/* End PBXProject section */

/* Begin PBXResourcesBuildPhase section */
		CD8F119A1A8A788700374E4E /* Resources */ = {
			isa = PBXResourcesBuildPhase;
			buildActionMask = 2147483647;
			files = (
				CD8F11AB1A8A788700374E4E /* Main.storyboard in Resources */,
				CD8F11B01A8A788700374E4E /* LaunchScreen.xib in Resources */,
				CD8F11AD1A8A788700374E4E /* Images.xcassets in Resources */,
			);
			runOnlyForDeploymentPostprocessing = 0;
		};
/* End PBXResourcesBuildPhase section */

/* Begin PBXShellScriptBuildPhase section */
		41B25DE89E475759D1D77134 /* Check Pods Manifest.lock */ = {
			isa = PBXShellScriptBuildPhase;
			buildActionMask = 2147483647;
			files = (
			);
			inputPaths = (
			);
			name = "Check Pods Manifest.lock";
			outputPaths = (
			);
			runOnlyForDeploymentPostprocessing = 0;
			shellPath = /bin/sh;
			shellScript = "diff \"${PODS_ROOT}/../Podfile.lock\" \"${PODS_ROOT}/Manifest.lock\" > /dev/null\nif [[ $? != 0 ]] ; then\n    cat << EOM\nerror: The sandbox is not in sync with the Podfile.lock. Run 'pod install' or update your CocoaPods installation.\nEOM\n    exit 1\nfi\n";
			showEnvVarsInLog = 0;
		};
		672B06B00F5BBBEF43D46F4D /* Copy Pods Resources */ = {
			isa = PBXShellScriptBuildPhase;
			buildActionMask = 2147483647;
			files = (
			);
			inputPaths = (
			);
			name = "Copy Pods Resources";
			outputPaths = (
			);
			runOnlyForDeploymentPostprocessing = 0;
			shellPath = /bin/sh;
			shellScript = "\"${SRCROOT}/Pods/Target Support Files/Pods/Pods-resources.sh\"\n";
			showEnvVarsInLog = 0;
		};
/* End PBXShellScriptBuildPhase section */

/* Begin PBXSourcesBuildPhase section */
		CD8F11981A8A788700374E4E /* Sources */ = {
			isa = PBXSourcesBuildPhase;
			buildActionMask = 2147483647;
			files = (
				CD1F502F1A8A813700AC1D6A /* RecipesTableViewController.m in Sources */,
				CD1F50331A8A871300AC1D6A /* ViewControllerConfigurator.m in Sources */,
				CD1F50531A8A9EEA00AC1D6A /* ObjectParser.m in Sources */,
				CD1F50371A8A87B300AC1D6A /* PresentationViewController.m in Sources */,
				CD1F504F1A8A9B8800AC1D6A /* RecipeCell.m in Sources */,
				CD1F503F1A8A914900AC1D6A /* Recipe.m in Sources */,
				CD8F11A51A8A788700374E4E /* AppDelegate.m in Sources */,
				CD1F50481A8A918200AC1D6A /* NVBaseSingleton.m in Sources */,
				CD1F50491A8A918200AC1D6A /* UIColor+NVProps.m in Sources */,
				CD1F50281A8A80BD00AC1D6A /* MenuTableViewController.m in Sources */,
				CD8F11A21A8A788700374E4E /* main.m in Sources */,
				CD1F503B1A8A885100AC1D6A /* AboutViewController.m in Sources */,
				CD1F504C1A8A926900AC1D6A /* RecipeManager.m in Sources */,
			);
			runOnlyForDeploymentPostprocessing = 0;
		};
/* End PBXSourcesBuildPhase section */

/* Begin PBXVariantGroup section */
		CD8F11A91A8A788700374E4E /* Main.storyboard */ = {
			isa = PBXVariantGroup;
			children = (
				CD8F11AA1A8A788700374E4E /* Base */,
			);
			name = Main.storyboard;
			sourceTree = "<group>";
		};
		CD8F11AE1A8A788700374E4E /* LaunchScreen.xib */ = {
			isa = PBXVariantGroup;
			children = (
				CD8F11AF1A8A788700374E4E /* Base */,
			);
			name = LaunchScreen.xib;
			sourceTree = "<group>";
		};
/* End PBXVariantGroup section */

/* Begin XCBuildConfiguration section */
		CD8F11BD1A8A788700374E4E /* Debug */ = {
			isa = XCBuildConfiguration;
			buildSettings = {
				ALWAYS_SEARCH_USER_PATHS = NO;
				CLANG_CXX_LANGUAGE_STANDARD = "gnu++0x";
				CLANG_CXX_LIBRARY = "libc++";
				CLANG_ENABLE_MODULES = YES;
				CLANG_ENABLE_OBJC_ARC = YES;
				CLANG_WARN_BOOL_CONVERSION = YES;
				CLANG_WARN_CONSTANT_CONVERSION = YES;
				CLANG_WARN_DIRECT_OBJC_ISA_USAGE = YES_ERROR;
				CLANG_WARN_EMPTY_BODY = YES;
				CLANG_WARN_ENUM_CONVERSION = YES;
				CLANG_WARN_INT_CONVERSION = YES;
				CLANG_WARN_OBJC_ROOT_CLASS = YES_ERROR;
				CLANG_WARN_UNREACHABLE_CODE = YES;
				CLANG_WARN__DUPLICATE_METHOD_MATCH = YES;
				"CODE_SIGN_IDENTITY[sdk=iphoneos*]" = "iPhone Developer";
				COPY_PHASE_STRIP = NO;
				ENABLE_STRICT_OBJC_MSGSEND = YES;
				GCC_C_LANGUAGE_STANDARD = gnu99;
				GCC_DYNAMIC_NO_PIC = NO;
				GCC_OPTIMIZATION_LEVEL = 0;
				GCC_PREPROCESSOR_DEFINITIONS = (
					"DEBUG=1",
					"$(inherited)",
				);
				GCC_SYMBOLS_PRIVATE_EXTERN = NO;
				GCC_WARN_64_TO_32_BIT_CONVERSION = YES;
				GCC_WARN_ABOUT_RETURN_TYPE = YES_ERROR;
				GCC_WARN_UNDECLARED_SELECTOR = YES;
				GCC_WARN_UNINITIALIZED_AUTOS = YES_AGGRESSIVE;
				GCC_WARN_UNUSED_FUNCTION = YES;
				GCC_WARN_UNUSED_VARIABLE = YES;
				IPHONEOS_DEPLOYMENT_TARGET = 8.1;
				MTL_ENABLE_DEBUG_INFO = YES;
				ONLY_ACTIVE_ARCH = YES;
				SDKROOT = iphoneos;
				TARGETED_DEVICE_FAMILY = "1,2";
			};
			name = Debug;
		};
		CD8F11BE1A8A788700374E4E /* Release */ = {
			isa = XCBuildConfiguration;
			buildSettings = {
				ALWAYS_SEARCH_USER_PATHS = NO;
				CLANG_CXX_LANGUAGE_STANDARD = "gnu++0x";
				CLANG_CXX_LIBRARY = "libc++";
				CLANG_ENABLE_MODULES = YES;
				CLANG_ENABLE_OBJC_ARC = YES;
				CLANG_WARN_BOOL_CONVERSION = YES;
				CLANG_WARN_CONSTANT_CONVERSION = YES;
				CLANG_WARN_DIRECT_OBJC_ISA_USAGE = YES_ERROR;
				CLANG_WARN_EMPTY_BODY = YES;
				CLANG_WARN_ENUM_CONVERSION = YES;
				CLANG_WARN_INT_CONVERSION = YES;
				CLANG_WARN_OBJC_ROOT_CLASS = YES_ERROR;
				CLANG_WARN_UNREACHABLE_CODE = YES;
				CLANG_WARN__DUPLICATE_METHOD_MATCH = YES;
				"CODE_SIGN_IDENTITY[sdk=iphoneos*]" = "iPhone Developer";
				COPY_PHASE_STRIP = YES;
				ENABLE_NS_ASSERTIONS = NO;
				ENABLE_STRICT_OBJC_MSGSEND = YES;
				GCC_C_LANGUAGE_STANDARD = gnu99;
				GCC_WARN_64_TO_32_BIT_CONVERSION = YES;
				GCC_WARN_ABOUT_RETURN_TYPE = YES_ERROR;
				GCC_WARN_UNDECLARED_SELECTOR = YES;
				GCC_WARN_UNINITIALIZED_AUTOS = YES_AGGRESSIVE;
				GCC_WARN_UNUSED_FUNCTION = YES;
				GCC_WARN_UNUSED_VARIABLE = YES;
				IPHONEOS_DEPLOYMENT_TARGET = 8.1;
				MTL_ENABLE_DEBUG_INFO = NO;
				SDKROOT = iphoneos;
				TARGETED_DEVICE_FAMILY = "1,2";
				VALIDATE_PRODUCT = YES;
			};
			name = Release;
		};
		CD8F11C01A8A788700374E4E /* Debug */ = {
			isa = XCBuildConfiguration;
			baseConfigurationReference = F67AC8EEB0ECEC042882E80D /* Pods.debug.xcconfig */;
			buildSettings = {
				ASSETCATALOG_COMPILER_APPICON_NAME = AppIcon;
				INFOPLIST_FILE = RecipesFTW/Info.plist;
				LD_RUNPATH_SEARCH_PATHS = "$(inherited) @executable_path/Frameworks";
				PRODUCT_NAME = "$(TARGET_NAME)";
			};
			name = Debug;
		};
		CD8F11C11A8A788700374E4E /* Release */ = {
			isa = XCBuildConfiguration;
			baseConfigurationReference = 21D8A37BBB48DA58DF32900F /* Pods.release.xcconfig */;
			buildSettings = {
				ASSETCATALOG_COMPILER_APPICON_NAME = AppIcon;
				INFOPLIST_FILE = RecipesFTW/Info.plist;
				LD_RUNPATH_SEARCH_PATHS = "$(inherited) @executable_path/Frameworks";
				PRODUCT_NAME = "$(TARGET_NAME)";
			};
			name = Release;
		};
/* End XCBuildConfiguration section */

/* Begin XCConfigurationList section */
		CD8F11971A8A788700374E4E /* Build configuration list for PBXProject "RecipesFTW" */ = {
			isa = XCConfigurationList;
			buildConfigurations = (
				CD8F11BD1A8A788700374E4E /* Debug */,
				CD8F11BE1A8A788700374E4E /* Release */,
			);
			defaultConfigurationIsVisible = 0;
			defaultConfigurationName = Release;
		};
		CD8F11BF1A8A788700374E4E /* Build configuration list for PBXNativeTarget "RecipesFTW" */ = {
			isa = XCConfigurationList;
			buildConfigurations = (
				CD8F11C01A8A788700374E4E /* Debug */,
				CD8F11C11A8A788700374E4E /* Release */,
			);
			defaultConfigurationIsVisible = 0;
			defaultConfigurationName = Release;
		};
/* End XCConfigurationList section */
	};
	rootObject = CD8F11941A8A788700374E4E /* Project object */;
}
